
Microsoft Visual Studio Solution File, Format Version 12.00
# Visual Studio Version 17
VisualStudioVersion = 17.10.35122.118
MinimumVisualStudioVersion = 10.0.40219.1
Project("{FAE04EC0-301F-11D3-BF4B-00C04F79EFBC}") = "Inventory Manager", "Inventory Manager\Inventory Manager.csproj", "{7DA1951C-ECAD-459A-96EB-64CCFD4789B7}"
EndProject
Global
	GlobalSection(SolutionConfigurationPlatforms) = preSolution
		Debug|Any CPU = Debug|Any CPU
		Release|Any CPU = Release|Any CPU
	EndGlobalSection
	GlobalSection(ProjectConfigurationPlatforms) = postSolution
		{7DA1951C-ECAD-459A-96EB-64CCFD4789B7}.Debug|Any CPU.ActiveCfg = Debug|Any CPU
		{7DA1951C-ECAD-459A-96EB-64CCFD4789B7}.Debug|Any CPU.Build.0 = Debug|Any CPU
		{7DA1951C-ECAD-459A-96EB-64CCFD4789B7}.Release|Any CPU.ActiveCfg = Release|Any CPU
		{7DA1951C-ECAD-459A-96EB-64CCFD4789B7}.Release|Any CPU.Build.0 = Release|Any CPU
	EndGlobalSection
	GlobalSection(SolutionProperties) = preSolution
		HideSolutionNode = FALSE
	EndGlobalSection
	GlobalSection(ExtensibilityGlobals) = postSolution
		SolutionGuid = {03549E4B-1566-46D6-8705-BC63A02CB92F}
	EndGlobalSection
EndGlobal
